
Microsoft Visual Studio Solution File, Format Version 12.00
# Visual Studio Version 17
VisualStudioVersion = 17.4.33205.214
MinimumVisualStudioVersion = 10.0.40219.1
Project("{FAE04EC0-301F-11D3-BF4B-00C04F79EFBC}") = "Booking.Api", "src\Booking.Api\Booking.Api.csproj", "{19E8025F-4B6A-48DA-8DA2-C1E7375482D6}"
EndProject
Project("{FAE04EC0-301F-11D3-BF4B-00C04F79EFBC}") = "Booking.Domain", "src\Booking.Domain\Booking.Domain.csproj", "{DA7141C0-E46A-4908-935A-AACC26017725}"
EndProject
Project("{2150E333-8FDC-42A3-9474-1A3956D46DE8}") = "src", "src", "{953B3FD8-0F1A-4F59-A5EC-A4CF15A93DE0}"
EndProject
Project("{2150E333-8FDC-42A3-9474-1A3956D46DE8}") = "framework", "framework", "{78261324-CA71-4AE7-B939-29BFBEB94D82}"
EndProject
Project("{FAE04EC0-301F-11D3-BF4B-00C04F79EFBC}") = "Framework", "framework\Framework\Framework.csproj", "{340D0AD1-D474-43D2-9707-FA9D0F27D5DE}"
EndProject
Project("{FAE04EC0-301F-11D3-BF4B-00C04F79EFBC}") = "Booking.Domain.Contracts", "src\Booking.Domain.Contracts\Booking.Domain.Contracts.csproj", "{483E1B73-A2D4-4F91-BC9B-803D99973C51}"
EndProject
Project("{FAE04EC0-301F-11D3-BF4B-00C04F79EFBC}") = "Booking.Application", "src\Booking.Application\Booking.Application.csproj", "{A843A5EE-94F4-4C3C-889C-100B642C88C8}"
EndProject
Project("{9A19103F-16F7-4668-BE54-9A1E7A4F7556}") = "Booking.Query", "src\Booking.Query\Booking.Query.csproj", "{0E165822-8AE6-409E-8BEA-C50CE4F8E701}"
EndProject
Project("{9A19103F-16F7-4668-BE54-9A1E7A4F7556}") = "Framework.Autofac", "framework\Framework.Autofac\Framework.Autofac.csproj", "{C5F97C73-C7EC-49A7-976C-2BF1A9158F26}"
EndProject
Project("{FAE04EC0-301F-11D3-BF4B-00C04F79EFBC}") = "Framework.EF", "framework\Framework.EF\Framework.EF.csproj", "{0C7C8C0B-71AA-406C-B07C-F022E86D4858}"
EndProject
Global
	GlobalSection(SolutionConfigurationPlatforms) = preSolution
		Debug|Any CPU = Debug|Any CPU
		Release|Any CPU = Release|Any CPU
	EndGlobalSection
	GlobalSection(ProjectConfigurationPlatforms) = postSolution
		{19E8025F-4B6A-48DA-8DA2-C1E7375482D6}.Debug|Any CPU.ActiveCfg = Debug|Any CPU
		{19E8025F-4B6A-48DA-8DA2-C1E7375482D6}.Debug|Any CPU.Build.0 = Debug|Any CPU
		{19E8025F-4B6A-48DA-8DA2-C1E7375482D6}.Release|Any CPU.ActiveCfg = Release|Any CPU
		{19E8025F-4B6A-48DA-8DA2-C1E7375482D6}.Release|Any CPU.Build.0 = Release|Any CPU
		{DA7141C0-E46A-4908-935A-AACC26017725}.Debug|Any CPU.ActiveCfg = Debug|Any CPU
		{DA7141C0-E46A-4908-935A-AACC26017725}.Debug|Any CPU.Build.0 = Debug|Any CPU
		{DA7141C0-E46A-4908-935A-AACC26017725}.Release|Any CPU.ActiveCfg = Release|Any CPU
		{DA7141C0-E46A-4908-935A-AACC26017725}.Release|Any CPU.Build.0 = Release|Any CPU
		{340D0AD1-D474-43D2-9707-FA9D0F27D5DE}.Debug|Any CPU.ActiveCfg = Debug|Any CPU
		{340D0AD1-D474-43D2-9707-FA9D0F27D5DE}.Debug|Any CPU.Build.0 = Debug|Any CPU
		{340D0AD1-D474-43D2-9707-FA9D0F27D5DE}.Release|Any CPU.ActiveCfg = Release|Any CPU
		{340D0AD1-D474-43D2-9707-FA9D0F27D5DE}.Release|Any CPU.Build.0 = Release|Any CPU
		{483E1B73-A2D4-4F91-BC9B-803D99973C51}.Debug|Any CPU.ActiveCfg = Debug|Any CPU
		{483E1B73-A2D4-4F91-BC9B-803D99973C51}.Debug|Any CPU.Build.0 = Debug|Any CPU
		{483E1B73-A2D4-4F91-BC9B-803D99973C51}.Release|Any CPU.ActiveCfg = Release|Any CPU
		{483E1B73-A2D4-4F91-BC9B-803D99973C51}.Release|Any CPU.Build.0 = Release|Any CPU
		{A843A5EE-94F4-4C3C-889C-100B642C88C8}.Debug|Any CPU.ActiveCfg = Debug|Any CPU
		{A843A5EE-94F4-4C3C-889C-100B642C88C8}.Debug|Any CPU.Build.0 = Debug|Any CPU
		{A843A5EE-94F4-4C3C-889C-100B642C88C8}.Release|Any CPU.ActiveCfg = Release|Any CPU
		{A843A5EE-94F4-4C3C-889C-100B642C88C8}.Release|Any CPU.Build.0 = Release|Any CPU
		{0E165822-8AE6-409E-8BEA-C50CE4F8E701}.Debug|Any CPU.ActiveCfg = Debug|Any CPU
		{0E165822-8AE6-409E-8BEA-C50CE4F8E701}.Debug|Any CPU.Build.0 = Debug|Any CPU
		{0E165822-8AE6-409E-8BEA-C50CE4F8E701}.Release|Any CPU.ActiveCfg = Release|Any CPU
		{0E165822-8AE6-409E-8BEA-C50CE4F8E701}.Release|Any CPU.Build.0 = Release|Any CPU
		{C5F97C73-C7EC-49A7-976C-2BF1A9158F26}.Debug|Any CPU.ActiveCfg = Debug|Any CPU
		{C5F97C73-C7EC-49A7-976C-2BF1A9158F26}.Debug|Any CPU.Build.0 = Debug|Any CPU
		{C5F97C73-C7EC-49A7-976C-2BF1A9158F26}.Release|Any CPU.ActiveCfg = Release|Any CPU
		{C5F97C73-C7EC-49A7-976C-2BF1A9158F26}.Release|Any CPU.Build.0 = Release|Any CPU
		{0C7C8C0B-71AA-406C-B07C-F022E86D4858}.Debug|Any CPU.ActiveCfg = Debug|Any CPU
		{0C7C8C0B-71AA-406C-B07C-F022E86D4858}.Debug|Any CPU.Build.0 = Debug|Any CPU
		{0C7C8C0B-71AA-406C-B07C-F022E86D4858}.Release|Any CPU.ActiveCfg = Release|Any CPU
		{0C7C8C0B-71AA-406C-B07C-F022E86D4858}.Release|Any CPU.Build.0 = Release|Any CPU
	EndGlobalSection
	GlobalSection(SolutionProperties) = preSolution
		HideSolutionNode = FALSE
	EndGlobalSection
	GlobalSection(NestedProjects) = preSolution
		{19E8025F-4B6A-48DA-8DA2-C1E7375482D6} = {953B3FD8-0F1A-4F59-A5EC-A4CF15A93DE0}
		{DA7141C0-E46A-4908-935A-AACC26017725} = {953B3FD8-0F1A-4F59-A5EC-A4CF15A93DE0}
		{340D0AD1-D474-43D2-9707-FA9D0F27D5DE} = {78261324-CA71-4AE7-B939-29BFBEB94D82}
		{483E1B73-A2D4-4F91-BC9B-803D99973C51} = {953B3FD8-0F1A-4F59-A5EC-A4CF15A93DE0}
		{A843A5EE-94F4-4C3C-889C-100B642C88C8} = {953B3FD8-0F1A-4F59-A5EC-A4CF15A93DE0}
		{0E165822-8AE6-409E-8BEA-C50CE4F8E701} = {953B3FD8-0F1A-4F59-A5EC-A4CF15A93DE0}
		{C5F97C73-C7EC-49A7-976C-2BF1A9158F26} = {78261324-CA71-4AE7-B939-29BFBEB94D82}
		{0C7C8C0B-71AA-406C-B07C-F022E86D4858} = {78261324-CA71-4AE7-B939-29BFBEB94D82}
	EndGlobalSection
	GlobalSection(ExtensibilityGlobals) = postSolution
		SolutionGuid = {FD0335D0-4C0B-49B0-9FF0-A6050E29D006}
	EndGlobalSection
EndGlobal
