
Microsoft Visual Studio Solution File, Format Version 12.00
# Visual Studio Version 17
VisualStudioVersion = 17.4.33205.214
MinimumVisualStudioVersion = 10.0.40219.1
Project("{FAE04EC0-301F-11D3-BF4B-00C04F79EFBC}") = "Booking.Api", "src\Booking.Api\Booking.Api.csproj", "{19E8025F-4B6A-48DA-8DA2-C1E7375482D6}"
EndProject
Project("{FAE04EC0-301F-11D3-BF4B-00C04F79EFBC}") = "Booking.Domain", "src\Booking.Domain\Booking.Domain.csproj", "{DA7141C0-E46A-4908-935A-AACC26017725}"
EndProject
Project("{2150E333-8FDC-42A3-9474-1A3956D46DE8}") = "src", "src", "{953B3FD8-0F1A-4F59-A5EC-A4CF15A93DE0}"
EndProject
Project("{2150E333-8FDC-42A3-9474-1A3956D46DE8}") = "framework", "framework", "{78261324-CA71-4AE7-B939-29BFBEB94D82}"
EndProject
Project("{FAE04EC0-301F-11D3-BF4B-00C04F79EFBC}") = "Framework", "framework\Framework\Framework.csproj", "{340D0AD1-D474-43D2-9707-FA9D0F27D5DE}"
EndProject
Project("{FAE04EC0-301F-11D3-BF4B-00C04F79EFBC}") = "Booking.Domain.Contracts", "src\Booking.Domain.Contracts\Booking.Domain.Contracts.csproj", "{483E1B73-A2D4-4F91-BC9B-803D99973C51}"
EndProject
Project("{FAE04EC0-301F-11D3-BF4B-00C04F79EFBC}") = "Framework.Domain", "framework\Framework.Domain\Framework.Domain.csproj", "{44D4EB0F-B22F-4B85-AA50-F3A2F5F4B2D3}"
EndProject
Project("{FAE04EC0-301F-11D3-BF4B-00C04F79EFBC}") = "Framework.Application", "framework\Framework.Application\Framework.Application.csproj", "{09E131E9-008F-494A-BD42-AC23E51BE40C}"
EndProject
Project("{FAE04EC0-301F-11D3-BF4B-00C04F79EFBC}") = "Framework.Autofac", "Framework.Autofac\Framework.Autofac.csproj", "{D8B07E18-CC49-4367-B777-78C64A9BB291}"
EndProject
Global
	GlobalSection(SolutionConfigurationPlatforms) = preSolution
		Debug|Any CPU = Debug|Any CPU
		Release|Any CPU = Release|Any CPU
	EndGlobalSection
	GlobalSection(ProjectConfigurationPlatforms) = postSolution
		{19E8025F-4B6A-48DA-8DA2-C1E7375482D6}.Debug|Any CPU.ActiveCfg = Debug|Any CPU
		{19E8025F-4B6A-48DA-8DA2-C1E7375482D6}.Debug|Any CPU.Build.0 = Debug|Any CPU
		{19E8025F-4B6A-48DA-8DA2-C1E7375482D6}.Release|Any CPU.ActiveCfg = Release|Any CPU
		{19E8025F-4B6A-48DA-8DA2-C1E7375482D6}.Release|Any CPU.Build.0 = Release|Any CPU
		{DA7141C0-E46A-4908-935A-AACC26017725}.Debug|Any CPU.ActiveCfg = Debug|Any CPU
		{DA7141C0-E46A-4908-935A-AACC26017725}.Debug|Any CPU.Build.0 = Debug|Any CPU
		{DA7141C0-E46A-4908-935A-AACC26017725}.Release|Any CPU.ActiveCfg = Release|Any CPU
		{DA7141C0-E46A-4908-935A-AACC26017725}.Release|Any CPU.Build.0 = Release|Any CPU
		{340D0AD1-D474-43D2-9707-FA9D0F27D5DE}.Debug|Any CPU.ActiveCfg = Debug|Any CPU
		{340D0AD1-D474-43D2-9707-FA9D0F27D5DE}.Debug|Any CPU.Build.0 = Debug|Any CPU
		{340D0AD1-D474-43D2-9707-FA9D0F27D5DE}.Release|Any CPU.ActiveCfg = Release|Any CPU
		{340D0AD1-D474-43D2-9707-FA9D0F27D5DE}.Release|Any CPU.Build.0 = Release|Any CPU
		{483E1B73-A2D4-4F91-BC9B-803D99973C51}.Debug|Any CPU.ActiveCfg = Debug|Any CPU
		{483E1B73-A2D4-4F91-BC9B-803D99973C51}.Debug|Any CPU.Build.0 = Debug|Any CPU
		{483E1B73-A2D4-4F91-BC9B-803D99973C51}.Release|Any CPU.ActiveCfg = Release|Any CPU
		{483E1B73-A2D4-4F91-BC9B-803D99973C51}.Release|Any CPU.Build.0 = Release|Any CPU
		{44D4EB0F-B22F-4B85-AA50-F3A2F5F4B2D3}.Debug|Any CPU.ActiveCfg = Debug|Any CPU
		{44D4EB0F-B22F-4B85-AA50-F3A2F5F4B2D3}.Debug|Any CPU.Build.0 = Debug|Any CPU
		{44D4EB0F-B22F-4B85-AA50-F3A2F5F4B2D3}.Release|Any CPU.ActiveCfg = Release|Any CPU
		{44D4EB0F-B22F-4B85-AA50-F3A2F5F4B2D3}.Release|Any CPU.Build.0 = Release|Any CPU
		{09E131E9-008F-494A-BD42-AC23E51BE40C}.Debug|Any CPU.ActiveCfg = Debug|Any CPU
		{09E131E9-008F-494A-BD42-AC23E51BE40C}.Debug|Any CPU.Build.0 = Debug|Any CPU
		{09E131E9-008F-494A-BD42-AC23E51BE40C}.Release|Any CPU.ActiveCfg = Release|Any CPU
		{09E131E9-008F-494A-BD42-AC23E51BE40C}.Release|Any CPU.Build.0 = Release|Any CPU
		{D8B07E18-CC49-4367-B777-78C64A9BB291}.Debug|Any CPU.ActiveCfg = Debug|Any CPU
		{D8B07E18-CC49-4367-B777-78C64A9BB291}.Debug|Any CPU.Build.0 = Debug|Any CPU
		{D8B07E18-CC49-4367-B777-78C64A9BB291}.Release|Any CPU.ActiveCfg = Release|Any CPU
		{D8B07E18-CC49-4367-B777-78C64A9BB291}.Release|Any CPU.Build.0 = Release|Any CPU
	EndGlobalSection
	GlobalSection(SolutionProperties) = preSolution
		HideSolutionNode = FALSE
	EndGlobalSection
	GlobalSection(NestedProjects) = preSolution
		{19E8025F-4B6A-48DA-8DA2-C1E7375482D6} = {953B3FD8-0F1A-4F59-A5EC-A4CF15A93DE0}
		{DA7141C0-E46A-4908-935A-AACC26017725} = {953B3FD8-0F1A-4F59-A5EC-A4CF15A93DE0}
		{340D0AD1-D474-43D2-9707-FA9D0F27D5DE} = {78261324-CA71-4AE7-B939-29BFBEB94D82}
		{483E1B73-A2D4-4F91-BC9B-803D99973C51} = {953B3FD8-0F1A-4F59-A5EC-A4CF15A93DE0}
		{44D4EB0F-B22F-4B85-AA50-F3A2F5F4B2D3} = {78261324-CA71-4AE7-B939-29BFBEB94D82}
		{09E131E9-008F-494A-BD42-AC23E51BE40C} = {78261324-CA71-4AE7-B939-29BFBEB94D82}
		{D8B07E18-CC49-4367-B777-78C64A9BB291} = {78261324-CA71-4AE7-B939-29BFBEB94D82}
	EndGlobalSection
	GlobalSection(ExtensibilityGlobals) = postSolution
		SolutionGuid = {FD0335D0-4C0B-49B0-9FF0-A6050E29D006}
	EndGlobalSection
EndGlobal
